
Microsoft Visual Studio Solution File, Format Version 12.00
# Visual Studio Version 17
VisualStudioVersion = 17.4.32804.182
MinimumVisualStudioVersion = 10.0.40219.1
Project("{2150E333-8FDC-42A3-9474-1A3956D46DE8}") = "Core", "Core", "{C1FEF795-D902-4B63-8103-4B0CEA41B1A8}"
EndProject
Project("{9A19103F-16F7-4668-BE54-9A1E7A4F7556}") = "ECommerceAPI.Domain", "Core\ECommerceAPI.Domain\ECommerceAPI.Domain.csproj", "{988D4817-EF77-4CF1-9840-4781BF4EC54C}"
EndProject
Project("{9A19103F-16F7-4668-BE54-9A1E7A4F7556}") = "ECommerceAPI.Application", "Core\ECommerceAPI.Application\ECommerceAPI.Application.csproj", "{519B4AD6-9DE0-4FB5-B666-D9BFC640571C}"
EndProject
Project("{2150E333-8FDC-42A3-9474-1A3956D46DE8}") = "Infrastructure", "Infrastructure", "{E4F7FB49-4BEB-4CF5-B670-A97CAE31BE4F}"
EndProject
Project("{9A19103F-16F7-4668-BE54-9A1E7A4F7556}") = "ECommerceAPI.Infrastructure", "Infrastructure\ECommerceAPI.Infrastructure\ECommerceAPI.Infrastructure.csproj", "{150D0603-70D9-4A1B-A47A-51DA1AA0A2EF}"
EndProject
Project("{9A19103F-16F7-4668-BE54-9A1E7A4F7556}") = "ECommerceAPI.Persistence", "Infrastructure\ECommerceAPI.Persistence\ECommerceAPI.Persistence.csproj", "{E41CBDC0-C4C3-467D-B635-952EF0007195}"
EndProject
Project("{2150E333-8FDC-42A3-9474-1A3956D46DE8}") = "Presentation", "Presentation", "{21396284-4B14-47CC-AF47-5696E985B9D0}"
EndProject
Project("{9A19103F-16F7-4668-BE54-9A1E7A4F7556}") = "ECommerceAPI.API", "Presentation\ECommerceAPI.API\ECommerceAPI.API.csproj", "{E93D4A64-E34E-4EEF-AF4B-BD2FF5491B85}"
EndProject
Global
	GlobalSection(SolutionConfigurationPlatforms) = preSolution
		Debug|Any CPU = Debug|Any CPU
		Release|Any CPU = Release|Any CPU
	EndGlobalSection
	GlobalSection(ProjectConfigurationPlatforms) = postSolution
		{988D4817-EF77-4CF1-9840-4781BF4EC54C}.Debug|Any CPU.ActiveCfg = Debug|Any CPU
		{988D4817-EF77-4CF1-9840-4781BF4EC54C}.Debug|Any CPU.Build.0 = Debug|Any CPU
		{988D4817-EF77-4CF1-9840-4781BF4EC54C}.Release|Any CPU.ActiveCfg = Release|Any CPU
		{988D4817-EF77-4CF1-9840-4781BF4EC54C}.Release|Any CPU.Build.0 = Release|Any CPU
		{519B4AD6-9DE0-4FB5-B666-D9BFC640571C}.Debug|Any CPU.ActiveCfg = Debug|Any CPU
		{519B4AD6-9DE0-4FB5-B666-D9BFC640571C}.Debug|Any CPU.Build.0 = Debug|Any CPU
		{519B4AD6-9DE0-4FB5-B666-D9BFC640571C}.Release|Any CPU.ActiveCfg = Release|Any CPU
		{519B4AD6-9DE0-4FB5-B666-D9BFC640571C}.Release|Any CPU.Build.0 = Release|Any CPU
		{150D0603-70D9-4A1B-A47A-51DA1AA0A2EF}.Debug|Any CPU.ActiveCfg = Debug|Any CPU
		{150D0603-70D9-4A1B-A47A-51DA1AA0A2EF}.Debug|Any CPU.Build.0 = Debug|Any CPU
		{150D0603-70D9-4A1B-A47A-51DA1AA0A2EF}.Release|Any CPU.ActiveCfg = Release|Any CPU
		{150D0603-70D9-4A1B-A47A-51DA1AA0A2EF}.Release|Any CPU.Build.0 = Release|Any CPU
		{E41CBDC0-C4C3-467D-B635-952EF0007195}.Debug|Any CPU.ActiveCfg = Debug|Any CPU
		{E41CBDC0-C4C3-467D-B635-952EF0007195}.Debug|Any CPU.Build.0 = Debug|Any CPU
		{E41CBDC0-C4C3-467D-B635-952EF0007195}.Release|Any CPU.ActiveCfg = Release|Any CPU
		{E41CBDC0-C4C3-467D-B635-952EF0007195}.Release|Any CPU.Build.0 = Release|Any CPU
		{E93D4A64-E34E-4EEF-AF4B-BD2FF5491B85}.Debug|Any CPU.ActiveCfg = Debug|Any CPU
		{E93D4A64-E34E-4EEF-AF4B-BD2FF5491B85}.Debug|Any CPU.Build.0 = Debug|Any CPU
		{E93D4A64-E34E-4EEF-AF4B-BD2FF5491B85}.Release|Any CPU.ActiveCfg = Release|Any CPU
		{E93D4A64-E34E-4EEF-AF4B-BD2FF5491B85}.Release|Any CPU.Build.0 = Release|Any CPU
	EndGlobalSection
	GlobalSection(SolutionProperties) = preSolution
		HideSolutionNode = FALSE
	EndGlobalSection
	GlobalSection(NestedProjects) = preSolution
		{988D4817-EF77-4CF1-9840-4781BF4EC54C} = {C1FEF795-D902-4B63-8103-4B0CEA41B1A8}
		{519B4AD6-9DE0-4FB5-B666-D9BFC640571C} = {C1FEF795-D902-4B63-8103-4B0CEA41B1A8}
		{150D0603-70D9-4A1B-A47A-51DA1AA0A2EF} = {E4F7FB49-4BEB-4CF5-B670-A97CAE31BE4F}
		{E41CBDC0-C4C3-467D-B635-952EF0007195} = {E4F7FB49-4BEB-4CF5-B670-A97CAE31BE4F}
		{E93D4A64-E34E-4EEF-AF4B-BD2FF5491B85} = {21396284-4B14-47CC-AF47-5696E985B9D0}
	EndGlobalSection
	GlobalSection(ExtensibilityGlobals) = postSolution
		SolutionGuid = {3174FB9F-21F6-4562-B1DE-F156CA58CB65}
	EndGlobalSection
EndGlobal
